// !$*UTF8*$!
{
	archiveVersion = 1;
	classes = {
	};
	objectVersion = 46;
	objects = {

/* Begin PBXBuildFile section */
		D772BC7F1E94990D003D87C7 /* main.m in Sources */ = {isa = PBXBuildFile; fileRef = D772BC7E1E94990D003D87C7 /* main.m */; };
		D772BC821E94990D003D87C7 /* AppDelegate.m in Sources */ = {isa = PBXBuildFile; fileRef = D772BC811E94990D003D87C7 /* AppDelegate.m */; };
		D772BC851E94990D003D87C7 /* ViewController.m in Sources */ = {isa = PBXBuildFile; fileRef = D772BC841E94990D003D87C7 /* ViewController.m */; };
		D772BC881E94990D003D87C7 /* Main.storyboard in Resources */ = {isa = PBXBuildFile; fileRef = D772BC861E94990D003D87C7 /* Main.storyboard */; };
		D772BC8A1E94990D003D87C7 /* Assets.xcassets in Resources */ = {isa = PBXBuildFile; fileRef = D772BC891E94990D003D87C7 /* Assets.xcassets */; };
		D772BC8D1E94990D003D87C7 /* LaunchScreen.storyboard in Resources */ = {isa = PBXBuildFile; fileRef = D772BC8B1E94990D003D87C7 /* LaunchScreen.storyboard */; };
/* End PBXBuildFile section */

/* Begin PBXFileReference section */
		D772BC7A1E94990D003D87C7 /* xcmodTest.app */ = {isa = PBXFileReference; explicitFileType = wrapper.application; includeInIndex = 0; path = xcmodTest.app; sourceTree = BUILT_PRODUCTS_DIR; };
		D772BC7E1E94990D003D87C7 /* main.m */ = {isa = PBXFileReference; lastKnownFileType = sourcecode.c.objc; path = main.m; sourceTree = "<group>"; };
		D772BC801E94990D003D87C7 /* AppDelegate.h */ = {isa = PBXFileReference; lastKnownFileType = sourcecode.c.h; path = AppDelegate.h; sourceTree = "<group>"; };
		D772BC811E94990D003D87C7 /* AppDelegate.m */ = {isa = PBXFileReference; lastKnownFileType = sourcecode.c.objc; path = AppDelegate.m; sourceTree = "<group>"; };
		D772BC831E94990D003D87C7 /* ViewController.h */ = {isa = PBXFileReference; lastKnownFileType = sourcecode.c.h; path = ViewController.h; sourceTree = "<group>"; };
		D772BC841E94990D003D87C7 /* ViewController.m */ = {isa = PBXFileReference; lastKnownFileType = sourcecode.c.objc; path = ViewController.m; sourceTree = "<group>"; };
		D772BC871E94990D003D87C7 /* Base */ = {isa = PBXFileReference; lastKnownFileType = file.storyboard; name = Base; path = Base.lproj/Main.storyboard; sourceTree = "<group>"; };
		D772BC891E94990D003D87C7 /* Assets.xcassets */ = {isa = PBXFileReference; lastKnownFileType = folder.assetcatalog; path = Assets.xcassets; sourceTree = "<group>"; };
		D772BC8C1E94990D003D87C7 /* Base */ = {isa = PBXFileReference; lastKnownFileType = file.storyboard; name = Base; path = Base.lproj/LaunchScreen.storyboard; sourceTree = "<group>"; };
		D772BC8E1E94990D003D87C7 /* Info.plist */ = {isa = PBXFileReference; lastKnownFileType = text.plist.xml; path = Info.plist; sourceTree = "<group>"; };
/* End PBXFileReference section */

/* Begin PBXFrameworksBuildPhase section */
		D772BC771E94990D003D87C7 /* Frameworks */ = {
			isa = PBXFrameworksBuildPhase;
			buildActionMask = 2147483647;
			files = (
			);
			runOnlyForDeploymentPostprocessing = 0;
		};
/* End PBXFrameworksBuildPhase section */

/* Begin PBXGroup section */
		D772BC711E94990D003D87C7 = {
			isa = PBXGroup;
			children = (
				D772BC7C1E94990D003D87C7 /* xcmodTest */,
				D772BC7B1E94990D003D87C7 /* Products */,
			);
			sourceTree = "<group>";
		};
		D772BC7B1E94990D003D87C7 /* Products */ = {
			isa = PBXGroup;
			children = (
				D772BC7A1E94990D003D87C7 /* xcmodTest.app */,
			);
			name = Products;
			sourceTree = "<group>";
		};
		D772BC7C1E94990D003D87C7 /* xcmodTest */ = {
			isa = PBXGroup;
			children = (
				D772BC801E94990D003D87C7 /* AppDelegate.h */,
				D772BC811E94990D003D87C7 /* AppDelegate.m */,
				D772BC831E94990D003D87C7 /* ViewController.h */,
				D772BC841E94990D003D87C7 /* ViewController.m */,
				D772BC861E94990D003D87C7 /* Main.storyboard */,
				D772BC891E94990D003D87C7 /* Assets.xcassets */,
				D772BC8B1E94990D003D87C7 /* LaunchScreen.storyboard */,
				D772BC8E1E94990D003D87C7 /* Info.plist */,
				D772BC7D1E94990D003D87C7 /* Supporting Files */,
			);
			path = xcmodTest;
			sourceTree = "<group>";
		};
		D772BC7D1E94990D003D87C7 /* Supporting Files */ = {
			isa = PBXGroup;
			children = (
				D772BC7E1E94990D003D87C7 /* main.m */,
			);
			name = "Supporting Files";
			sourceTree = "<group>";
		};
/* End PBXGroup section */

/* Begin PBXNativeTarget section */
		D772BC791E94990D003D87C7 /* xcmodTest */ = {
			isa = PBXNativeTarget;
			buildConfigurationList = D772BC911E94990D003D87C7 /* Build configuration list for PBXNativeTarget "xcmodTest" */;
			buildPhases = (
				D772BC761E94990D003D87C7 /* Sources */,
				D772BC771E94990D003D87C7 /* Frameworks */,
				D772BC781E94990D003D87C7 /* Resources */,
			);
			buildRules = (
			);
			dependencies = (
			);
			name = xcmodTest;
			productName = xcmodTest;
			productReference = D772BC7A1E94990D003D87C7 /* xcmodTest.app */;
			productType = "com.apple.product-type.application";
		};
/* End PBXNativeTarget section */

/* Begin PBXProject section */
		D772BC721E94990D003D87C7 /* Project object */ = {
			isa = PBXProject;
			attributes = {
				LastUpgradeCheck = 0820;
				ORGANIZATIONNAME = "Mengmin Duan";
				TargetAttributes = {
					D772BC791E94990D003D87C7 = {
						CreatedOnToolsVersion = 8.2.1;
						DevelopmentTeam = 5MEEKRMRCU;
						ProvisioningStyle = Automatic;
					};
				};
			};
			buildConfigurationList = D772BC751E94990D003D87C7 /* Build configuration list for PBXProject "xcmodTest" */;
			compatibilityVersion = "Xcode 3.2";
			developmentRegion = English;
			hasScannedForEncodings = 0;
			knownRegions = (
				en,
				Base,
			);
			mainGroup = D772BC711E94990D003D87C7;
			productRefGroup = D772BC7B1E94990D003D87C7 /* Products */;
			projectDirPath = "";
			projectRoot = "";
			targets = (
				D772BC791E94990D003D87C7 /* xcmodTest */,
			);
		};
/* End PBXProject section */

/* Begin PBXResourcesBuildPhase section */
		D772BC781E94990D003D87C7 /* Resources */ = {
			isa = PBXResourcesBuildPhase;
			buildActionMask = 2147483647;
			files = (
				D772BC8D1E94990D003D87C7 /* LaunchScreen.storyboard in Resources */,
				D772BC8A1E94990D003D87C7 /* Assets.xcassets in Resources */,
				D772BC881E94990D003D87C7 /* Main.storyboard in Resources */,
			);
			runOnlyForDeploymentPostprocessing = 0;
		};
/* End PBXResourcesBuildPhase section */

/* Begin PBXSourcesBuildPhase section */
		D772BC761E94990D003D87C7 /* Sources */ = {
			isa = PBXSourcesBuildPhase;
			buildActionMask = 2147483647;
			files = (
				D772BC851E94990D003D87C7 /* ViewController.m in Sources */,
				D772BC821E94990D003D87C7 /* AppDelegate.m in Sources */,
				D772BC7F1E94990D003D87C7 /* main.m in Sources */,
			);
			runOnlyForDeploymentPostprocessing = 0;
		};
/* End PBXSourcesBuildPhase section */

/* Begin PBXVariantGroup section */
		D772BC861E94990D003D87C7 /* Main.storyboard */ = {
			isa = PBXVariantGroup;
			children = (
				D772BC871E94990D003D87C7 /* Base */,
			);
			name = Main.storyboard;
			sourceTree = "<group>";
		};
		D772BC8B1E94990D003D87C7 /* LaunchScreen.storyboard */ = {
			isa = PBXVariantGroup;
			children = (
				D772BC8C1E94990D003D87C7 /* Base */,
			);
			name = LaunchScreen.storyboard;
			sourceTree = "<group>";
		};
/* End PBXVariantGroup section */

/* Begin XCBuildConfiguration section */
		D772BC8F1E94990D003D87C7 /* Debug */ = {
			isa = XCBuildConfiguration;
			buildSettings = {
				ALWAYS_SEARCH_USER_PATHS = NO;
				CLANG_ANALYZER_NONNULL = YES;
				CLANG_CXX_LANGUAGE_STANDARD = "gnu++0x";
				CLANG_CXX_LIBRARY = "libc++";
				CLANG_ENABLE_MODULES = YES;
				CLANG_ENABLE_OBJC_ARC = YES;
				CLANG_WARN_BOOL_CONVERSION = YES;
				CLANG_WARN_CONSTANT_CONVERSION = YES;
				CLANG_WARN_DIRECT_OBJC_ISA_USAGE = YES_ERROR;
				CLANG_WARN_DOCUMENTATION_COMMENTS = YES;
				CLANG_WARN_EMPTY_BODY = YES;
				CLANG_WARN_ENUM_CONVERSION = YES;
				CLANG_WARN_INFINITE_RECURSION = YES;
				CLANG_WARN_INT_CONVERSION = YES;
				CLANG_WARN_OBJC_ROOT_CLASS = YES_ERROR;
				CLANG_WARN_SUSPICIOUS_MOVE = YES;
				CLANG_WARN_UNREACHABLE_CODE = YES;
				CLANG_WARN__DUPLICATE_METHOD_MATCH = YES;
				"CODE_SIGN_IDENTITY[sdk=iphoneos*]" = "iPhone Developer";
				COPY_PHASE_STRIP = NO;
				DEBUG_INFORMATION_FORMAT = dwarf;
				ENABLE_STRICT_OBJC_MSGSEND = YES;
				ENABLE_TESTABILITY = YES;
				GCC_C_LANGUAGE_STANDARD = gnu99;
				GCC_DYNAMIC_NO_PIC = NO;
				GCC_NO_COMMON_BLOCKS = YES;
				GCC_OPTIMIZATION_LEVEL = 0;
				GCC_PREPROCESSOR_DEFINITIONS = (
					"DEBUG=1",
					"$(inherited)",
				);
				GCC_WARN_64_TO_32_BIT_CONVERSION = YES;
				GCC_WARN_ABOUT_RETURN_TYPE = YES_ERROR;
				GCC_WARN_UNDECLARED_SELECTOR = YES;
				GCC_WARN_UNINITIALIZED_AUTOS = YES_AGGRESSIVE;
				GCC_WARN_UNUSED_FUNCTION = YES;
				GCC_WARN_UNUSED_VARIABLE = YES;
				IPHONEOS_DEPLOYMENT_TARGET = 10.2;
				MTL_ENABLE_DEBUG_INFO = YES;
				ONLY_ACTIVE_ARCH = YES;
				SDKROOT = iphoneos;
				TARGETED_DEVICE_FAMILY = "1,2";
			};
			name = Debug;
		};
		D772BC901E94990D003D87C7 /* Release */ = {
			isa = XCBuildConfiguration;
			buildSettings = {
				ALWAYS_SEARCH_USER_PATHS = NO;
				CLANG_ANALYZER_NONNULL = YES;
				CLANG_CXX_LANGUAGE_STANDARD = "gnu++0x";
				CLANG_CXX_LIBRARY = "libc++";
				CLANG_ENABLE_MODULES = YES;
				CLANG_ENABLE_OBJC_ARC = YES;
				CLANG_WARN_BOOL_CONVERSION = YES;
				CLANG_WARN_CONSTANT_CONVERSION = YES;
				CLANG_WARN_DIRECT_OBJC_ISA_USAGE = YES_ERROR;
				CLANG_WARN_DOCUMENTATION_COMMENTS = YES;
				CLANG_WARN_EMPTY_BODY = YES;
				CLANG_WARN_ENUM_CONVERSION = YES;
				CLANG_WARN_INFINITE_RECURSION = YES;
				CLANG_WARN_INT_CONVERSION = YES;
				CLANG_WARN_OBJC_ROOT_CLASS = YES_ERROR;
				CLANG_WARN_SUSPICIOUS_MOVE = YES;
				CLANG_WARN_UNREACHABLE_CODE = YES;
				CLANG_WARN__DUPLICATE_METHOD_MATCH = YES;
				"CODE_SIGN_IDENTITY[sdk=iphoneos*]" = "iPhone Developer";
				COPY_PHASE_STRIP = NO;
				DEBUG_INFORMATION_FORMAT = "dwarf-with-dsym";
				ENABLE_NS_ASSERTIONS = NO;
				ENABLE_STRICT_OBJC_MSGSEND = YES;
				GCC_C_LANGUAGE_STANDARD = gnu99;
				GCC_NO_COMMON_BLOCKS = YES;
				GCC_WARN_64_TO_32_BIT_CONVERSION = YES;
				GCC_WARN_ABOUT_RETURN_TYPE = YES_ERROR;
				GCC_WARN_UNDECLARED_SELECTOR = YES;
				GCC_WARN_UNINITIALIZED_AUTOS = YES_AGGRESSIVE;
				GCC_WARN_UNUSED_FUNCTION = YES;
				GCC_WARN_UNUSED_VARIABLE = YES;
				IPHONEOS_DEPLOYMENT_TARGET = 10.2;
				MTL_ENABLE_DEBUG_INFO = NO;
				SDKROOT = iphoneos;
				TARGETED_DEVICE_FAMILY = "1,2";
				VALIDATE_PRODUCT = YES;
			};
			name = Release;
		};
		D772BC921E94990D003D87C7 /* Debug */ = {
			isa = XCBuildConfiguration;
			buildSettings = {
				ASSETCATALOG_COMPILER_APPICON_NAME = AppIcon;
				DEVELOPMENT_TEAM = 5MEEKRMRCU;
				INFOPLIST_FILE = xcmodTest/Info.plist;
				LD_RUNPATH_SEARCH_PATHS = "$(inherited) @executable_path/Frameworks";
				PRODUCT_BUNDLE_IDENTIFIER = com.duan.xcmodTest;
				PRODUCT_NAME = "$(TARGET_NAME)";
			};
			name = Debug;
		};
		D772BC931E94990D003D87C7 /* Release */ = {
			isa = XCBuildConfiguration;
			buildSettings = {
				ASSETCATALOG_COMPILER_APPICON_NAME = AppIcon;
				DEVELOPMENT_TEAM = 5MEEKRMRCU;
				INFOPLIST_FILE = xcmodTest/Info.plist;
				LD_RUNPATH_SEARCH_PATHS = "$(inherited) @executable_path/Frameworks";
				PRODUCT_BUNDLE_IDENTIFIER = com.duan.xcmodTest;
				PRODUCT_NAME = "$(TARGET_NAME)";
			};
			name = Release;
		};
/* End XCBuildConfiguration section */

/* Begin XCConfigurationList section */
		D772BC751E94990D003D87C7 /* Build configuration list for PBXProject "xcmodTest" */ = {
			isa = XCConfigurationList;
			buildConfigurations = (
				D772BC8F1E94990D003D87C7 /* Debug */,
				D772BC901E94990D003D87C7 /* Release */,
			);
			defaultConfigurationIsVisible = 0;
			defaultConfigurationName = Release;
		};
		D772BC911E94990D003D87C7 /* Build configuration list for PBXNativeTarget "xcmodTest" */ = {
			isa = XCConfigurationList;
			buildConfigurations = (
				D772BC921E94990D003D87C7 /* Debug */,
				D772BC931E94990D003D87C7 /* Release */,
			);
			defaultConfigurationIsVisible = 0;
		};
/* End XCConfigurationList section */
	};
	rootObject = D772BC721E94990D003D87C7 /* Project object */;
}
